
Microsoft Visual Studio Solution File, Format Version 12.00
# Visual Studio 15
Project("{FAE04EC0-301F-11D3-BF4B-00C04F79EFBC}") = "Maravilhoso.Android", "Maravilhoso.Android\Maravilhoso.Android.csproj", "{A359913C-4C77-4C83-BDC1-033CE0F07F9F}"
EndProject
Project("{FAE04EC0-301F-11D3-BF4B-00C04F79EFBC}") = "Maravilhoso.iOS", "Maravilhoso.iOS\Maravilhoso.iOS.csproj", "{18137452-8306-481D-B3B9-7B0AA0D8514B}"
EndProject
Project("{FAE04EC0-301F-11D3-BF4B-00C04F79EFBC}") = "Maravilhoso", "Maravilhoso\Maravilhoso.csproj", "{EAE3EFDE-6470-4356-9924-75DD4FB40F13}"
EndProject
Global
	GlobalSection(SolutionConfigurationPlatforms) = preSolution
		Debug|Any CPU = Debug|Any CPU
		Release|Any CPU = Release|Any CPU
		Debug|iPhoneSimulator = Debug|iPhoneSimulator
		Release|iPhoneSimulator = Release|iPhoneSimulator
		Debug|iPhone = Debug|iPhone
		Release|iPhone = Release|iPhone
		Ad-Hoc|iPhone = Ad-Hoc|iPhone
		AppStore|iPhone = AppStore|iPhone
	EndGlobalSection
	GlobalSection(ProjectConfigurationPlatforms) = postSolution
		{A359913C-4C77-4C83-BDC1-033CE0F07F9F}.Debug|Any CPU.ActiveCfg = Debug|Any CPU
		{A359913C-4C77-4C83-BDC1-033CE0F07F9F}.Debug|Any CPU.Build.0 = Debug|Any CPU
		{A359913C-4C77-4C83-BDC1-033CE0F07F9F}.Release|Any CPU.ActiveCfg = Release|Any CPU
		{A359913C-4C77-4C83-BDC1-033CE0F07F9F}.Release|Any CPU.Build.0 = Release|Any CPU
		{A359913C-4C77-4C83-BDC1-033CE0F07F9F}.Debug|iPhoneSimulator.ActiveCfg = Debug|Any CPU
		{A359913C-4C77-4C83-BDC1-033CE0F07F9F}.Debug|iPhoneSimulator.Build.0 = Debug|Any CPU
		{A359913C-4C77-4C83-BDC1-033CE0F07F9F}.Release|iPhoneSimulator.ActiveCfg = Release|Any CPU
		{A359913C-4C77-4C83-BDC1-033CE0F07F9F}.Release|iPhoneSimulator.Build.0 = Release|Any CPU
		{A359913C-4C77-4C83-BDC1-033CE0F07F9F}.Debug|iPhone.ActiveCfg = Debug|Any CPU
		{A359913C-4C77-4C83-BDC1-033CE0F07F9F}.Debug|iPhone.Build.0 = Debug|Any CPU
		{A359913C-4C77-4C83-BDC1-033CE0F07F9F}.Release|iPhone.ActiveCfg = Release|Any CPU
		{A359913C-4C77-4C83-BDC1-033CE0F07F9F}.Release|iPhone.Build.0 = Release|Any CPU
		{A359913C-4C77-4C83-BDC1-033CE0F07F9F}.Ad-Hoc|iPhone.ActiveCfg = Debug|Any CPU
		{A359913C-4C77-4C83-BDC1-033CE0F07F9F}.Ad-Hoc|iPhone.Build.0 = Debug|Any CPU
		{A359913C-4C77-4C83-BDC1-033CE0F07F9F}.AppStore|iPhone.ActiveCfg = Debug|Any CPU
		{A359913C-4C77-4C83-BDC1-033CE0F07F9F}.AppStore|iPhone.Build.0 = Debug|Any CPU
		{18137452-8306-481D-B3B9-7B0AA0D8514B}.Debug|Any CPU.ActiveCfg = Debug|iPhoneSimulator
		{18137452-8306-481D-B3B9-7B0AA0D8514B}.Debug|Any CPU.Build.0 = Debug|iPhoneSimulator
		{18137452-8306-481D-B3B9-7B0AA0D8514B}.Release|Any CPU.ActiveCfg = Release|iPhoneSimulator
		{18137452-8306-481D-B3B9-7B0AA0D8514B}.Release|Any CPU.Build.0 = Release|iPhoneSimulator
		{18137452-8306-481D-B3B9-7B0AA0D8514B}.Debug|iPhoneSimulator.ActiveCfg = Debug|iPhoneSimulator
		{18137452-8306-481D-B3B9-7B0AA0D8514B}.Debug|iPhoneSimulator.Build.0 = Debug|iPhoneSimulator
		{18137452-8306-481D-B3B9-7B0AA0D8514B}.Release|iPhoneSimulator.ActiveCfg = Release|iPhoneSimulator
		{18137452-8306-481D-B3B9-7B0AA0D8514B}.Release|iPhoneSimulator.Build.0 = Release|iPhoneSimulator
		{18137452-8306-481D-B3B9-7B0AA0D8514B}.Debug|iPhone.ActiveCfg = Debug|iPhone
		{18137452-8306-481D-B3B9-7B0AA0D8514B}.Debug|iPhone.Build.0 = Debug|iPhone
		{18137452-8306-481D-B3B9-7B0AA0D8514B}.Release|iPhone.ActiveCfg = Release|iPhone
		{18137452-8306-481D-B3B9-7B0AA0D8514B}.Release|iPhone.Build.0 = Release|iPhone
		{18137452-8306-481D-B3B9-7B0AA0D8514B}.Ad-Hoc|iPhone.ActiveCfg = Ad-Hoc|iPhone
		{18137452-8306-481D-B3B9-7B0AA0D8514B}.Ad-Hoc|iPhone.Build.0 = Ad-Hoc|iPhone
		{18137452-8306-481D-B3B9-7B0AA0D8514B}.AppStore|iPhone.ActiveCfg = AppStore|iPhone
		{18137452-8306-481D-B3B9-7B0AA0D8514B}.AppStore|iPhone.Build.0 = AppStore|iPhone
		{EAE3EFDE-6470-4356-9924-75DD4FB40F13}.Debug|Any CPU.ActiveCfg = Debug|Any CPU
		{EAE3EFDE-6470-4356-9924-75DD4FB40F13}.Debug|Any CPU.Build.0 = Debug|Any CPU
		{EAE3EFDE-6470-4356-9924-75DD4FB40F13}.Release|Any CPU.ActiveCfg = Release|Any CPU
		{EAE3EFDE-6470-4356-9924-75DD4FB40F13}.Release|Any CPU.Build.0 = Release|Any CPU
		{EAE3EFDE-6470-4356-9924-75DD4FB40F13}.Debug|iPhoneSimulator.ActiveCfg = Debug|Any CPU
		{EAE3EFDE-6470-4356-9924-75DD4FB40F13}.Debug|iPhoneSimulator.Build.0 = Debug|Any CPU
		{EAE3EFDE-6470-4356-9924-75DD4FB40F13}.Release|iPhoneSimulator.ActiveCfg = Release|Any CPU
		{EAE3EFDE-6470-4356-9924-75DD4FB40F13}.Release|iPhoneSimulator.Build.0 = Release|Any CPU
		{EAE3EFDE-6470-4356-9924-75DD4FB40F13}.Debug|iPhone.ActiveCfg = Debug|Any CPU
		{EAE3EFDE-6470-4356-9924-75DD4FB40F13}.Debug|iPhone.Build.0 = Debug|Any CPU
		{EAE3EFDE-6470-4356-9924-75DD4FB40F13}.Release|iPhone.ActiveCfg = Release|Any CPU
		{EAE3EFDE-6470-4356-9924-75DD4FB40F13}.Release|iPhone.Build.0 = Release|Any CPU
		{EAE3EFDE-6470-4356-9924-75DD4FB40F13}.Ad-Hoc|iPhone.ActiveCfg = Debug|Any CPU
		{EAE3EFDE-6470-4356-9924-75DD4FB40F13}.Ad-Hoc|iPhone.Build.0 = Debug|Any CPU
		{EAE3EFDE-6470-4356-9924-75DD4FB40F13}.AppStore|iPhone.ActiveCfg = Debug|Any CPU
		{EAE3EFDE-6470-4356-9924-75DD4FB40F13}.AppStore|iPhone.Build.0 = Debug|Any CPU
	EndGlobalSection
EndGlobal
